{
  "name": "y-charts-report",
  "version": "1.0.2",
  "lockfileVersion": 1,
  "requires": true,
  "dependencies": {
    "@province-city-china/types": {
      "version": "8.1.0",
      "resolved": "https://registry.npmjs.org/@province-city-china/types/-/types-8.1.0.tgz",
      "integrity": "sha512-ORtH6UNZNZaN1tTBeMdyWYD09wNi6Pf4E4hO9CtkqcrZNbySlAqFrhSwYBpudDQJeLcGDRXkq/WbbdS5e1Gr9A==",
      "dev": true
    },
    "province-city-china": {
      "version": "8.1.0",
      "resolved": "https://registry.npmjs.org/province-city-china/-/province-city-china-8.1.0.tgz",
      "integrity": "sha512-WYeJOgyVXCNxWUtyjzFWRv5ngYmEJeBnmA/EuEY04pHY7wZXW60uTimq8CpWeLnKVIf0wcTjQDotDRvGZcozbw==",
      "dev": true,
      "requires": {
        "@province-city-china/types": "8.1.0"
      }
    }
  }
}
